
Microsoft Visual Studio Solution File, Format Version 12.00
# Visual Studio Version 17
VisualStudioVersion = 17.5.33530.505
MinimumVisualStudioVersion = 10.0.40219.1
Project("{FAE04EC0-301F-11D3-BF4B-00C04F79EFBC}") = "dua xe", "dua xe\dua xe.csproj", "{78C880EB-857C-45EC-ADBE-5437FE691542}"
EndProject
Global
	GlobalSection(SolutionConfigurationPlatforms) = preSolution
		Debug|Any CPU = Debug|Any CPU
		Release|Any CPU = Release|Any CPU
	EndGlobalSection
	GlobalSection(ProjectConfigurationPlatforms) = postSolution
		{78C880EB-857C-45EC-ADBE-5437FE691542}.Debug|Any CPU.ActiveCfg = Debug|Any CPU
		{78C880EB-857C-45EC-ADBE-5437FE691542}.Debug|Any CPU.Build.0 = Debug|Any CPU
		{78C880EB-857C-45EC-ADBE-5437FE691542}.Release|Any CPU.ActiveCfg = Release|Any CPU
		{78C880EB-857C-45EC-ADBE-5437FE691542}.Release|Any CPU.Build.0 = Release|Any CPU
	EndGlobalSection
	GlobalSection(SolutionProperties) = preSolution
		HideSolutionNode = FALSE
	EndGlobalSection
	GlobalSection(ExtensibilityGlobals) = postSolution
		SolutionGuid = {4310E7E9-BFE5-4041-8939-D06F12ABC6EA}
	EndGlobalSection
EndGlobal
